// !$*UTF8*$!
{
	archiveVersion = 1;
	classes = {
	};
	objectVersion = 52;
	objects = {

/* Begin PBXBuildFile section */
		CF12B3B426D32E4F0027C98E /* InfiniteScrollExampleApp.swift in Sources */ = {isa = PBXBuildFile; fileRef = CF12B3B326D32E4F0027C98E /* InfiniteScrollExampleApp.swift */; };
		CF12B3B626D32E4F0027C98E /* ContentView.swift in Sources */ = {isa = PBXBuildFile; fileRef = CF12B3B526D32E4F0027C98E /* ContentView.swift */; };
		CF12B3B826D32E560027C98E /* Assets.xcassets in Resources */ = {isa = PBXBuildFile; fileRef = CF12B3B726D32E560027C98E /* Assets.xcassets */; };
		CF12B3BB26D32E560027C98E /* Preview Assets.xcassets in Resources */ = {isa = PBXBuildFile; fileRef = CF12B3BA26D32E560027C98E /* Preview Assets.xcassets */; };
		CF12B3C626D32E570027C98E /* InfiniteScrollExampleTests.swift in Sources */ = {isa = PBXBuildFile; fileRef = CF12B3C526D32E570027C98E /* InfiniteScrollExampleTests.swift */; };
		CF12B3D126D32E570027C98E /* InfiniteScrollExampleUITests.swift in Sources */ = {isa = PBXBuildFile; fileRef = CF12B3D026D32E570027C98E /* InfiniteScrollExampleUITests.swift */; };
		CF12B3EC26D331790027C98E /* NetworkManager.swift in Sources */ = {isa = PBXBuildFile; fileRef = CF12B3EB26D331790027C98E /* NetworkManager.swift */; };
		CF12B3F426D336240027C98E /* Api.swift in Sources */ = {isa = PBXBuildFile; fileRef = CF12B3F326D336240027C98E /* Api.swift */; };
		CF28E9AC26D5E7E20002D3CE /* Kingfisher in Frameworks */ = {isa = PBXBuildFile; productRef = CF28E9AB26D5E7E20002D3CE /* Kingfisher */; };
		CF81A19A26D45EC30015B9A0 /* ApiExtension.swift in Sources */ = {isa = PBXBuildFile; fileRef = CF81A19926D45EC30015B9A0 /* ApiExtension.swift */; };
		CF81A19C26D45F680015B9A0 /* TvShow.swift in Sources */ = {isa = PBXBuildFile; fileRef = CF81A19B26D45F680015B9A0 /* TvShow.swift */; };
		CF81A19E26D4626A0015B9A0 /* TvResponse.swift in Sources */ = {isa = PBXBuildFile; fileRef = CF81A19D26D4626A0015B9A0 /* TvResponse.swift */; };
		CF81A1A226D464940015B9A0 /* HeaderView.swift in Sources */ = {isa = PBXBuildFile; fileRef = CF81A1A126D464940015B9A0 /* HeaderView.swift */; };
		CF81A1A426D47F4C0015B9A0 /* TvShowView.swift in Sources */ = {isa = PBXBuildFile; fileRef = CF81A1A326D47F4C0015B9A0 /* TvShowView.swift */; };
		CFEEBA6826D5B7F5006A858C /* TvShowViewModel.swift in Sources */ = {isa = PBXBuildFile; fileRef = CFEEBA6726D5B7F5006A858C /* TvShowViewModel.swift */; };
/* End PBXBuildFile section */

/* Begin PBXContainerItemProxy section */
		CF12B3C226D32E570027C98E /* PBXContainerItemProxy */ = {
			isa = PBXContainerItemProxy;
			containerPortal = CF12B3A826D32E4F0027C98E /* Project object */;
			proxyType = 1;
			remoteGlobalIDString = CF12B3AF26D32E4F0027C98E;
			remoteInfo = InfiniteScrollExample;
		};
		CF12B3CD26D32E570027C98E /* PBXContainerItemProxy */ = {
			isa = PBXContainerItemProxy;
			containerPortal = CF12B3A826D32E4F0027C98E /* Project object */;
			proxyType = 1;
			remoteGlobalIDString = CF12B3AF26D32E4F0027C98E;
			remoteInfo = InfiniteScrollExample;
		};
/* End PBXContainerItemProxy section */

/* Begin PBXFileReference section */
		CF12B3B026D32E4F0027C98E /* InfiniteScrollExample.app */ = {isa = PBXFileReference; explicitFileType = wrapper.application; includeInIndex = 0; path = InfiniteScrollExample.app; sourceTree = BUILT_PRODUCTS_DIR; };
		CF12B3B326D32E4F0027C98E /* InfiniteScrollExampleApp.swift */ = {isa = PBXFileReference; lastKnownFileType = sourcecode.swift; path = InfiniteScrollExampleApp.swift; sourceTree = "<group>"; };
		CF12B3B526D32E4F0027C98E /* ContentView.swift */ = {isa = PBXFileReference; lastKnownFileType = sourcecode.swift; path = ContentView.swift; sourceTree = "<group>"; };
		CF12B3B726D32E560027C98E /* Assets.xcassets */ = {isa = PBXFileReference; lastKnownFileType = folder.assetcatalog; path = Assets.xcassets; sourceTree = "<group>"; };
		CF12B3BA26D32E560027C98E /* Preview Assets.xcassets */ = {isa = PBXFileReference; lastKnownFileType = folder.assetcatalog; path = "Preview Assets.xcassets"; sourceTree = "<group>"; };
		CF12B3BC26D32E560027C98E /* Info.plist */ = {isa = PBXFileReference; lastKnownFileType = text.plist.xml; path = Info.plist; sourceTree = "<group>"; };
		CF12B3C126D32E570027C98E /* InfiniteScrollExampleTests.xctest */ = {isa = PBXFileReference; explicitFileType = wrapper.cfbundle; includeInIndex = 0; path = InfiniteScrollExampleTests.xctest; sourceTree = BUILT_PRODUCTS_DIR; };
		CF12B3C526D32E570027C98E /* InfiniteScrollExampleTests.swift */ = {isa = PBXFileReference; lastKnownFileType = sourcecode.swift; path = InfiniteScrollExampleTests.swift; sourceTree = "<group>"; };
		CF12B3C726D32E570027C98E /* Info.plist */ = {isa = PBXFileReference; lastKnownFileType = text.plist.xml; path = Info.plist; sourceTree = "<group>"; };
		CF12B3CC26D32E570027C98E /* InfiniteScrollExampleUITests.xctest */ = {isa = PBXFileReference; explicitFileType = wrapper.cfbundle; includeInIndex = 0; path = InfiniteScrollExampleUITests.xctest; sourceTree = BUILT_PRODUCTS_DIR; };
		CF12B3D026D32E570027C98E /* InfiniteScrollExampleUITests.swift */ = {isa = PBXFileReference; lastKnownFileType = sourcecode.swift; path = InfiniteScrollExampleUITests.swift; sourceTree = "<group>"; };
		CF12B3D226D32E570027C98E /* Info.plist */ = {isa = PBXFileReference; lastKnownFileType = text.plist.xml; path = Info.plist; sourceTree = "<group>"; };
		CF12B3EB26D331790027C98E /* NetworkManager.swift */ = {isa = PBXFileReference; lastKnownFileType = sourcecode.swift; path = NetworkManager.swift; sourceTree = "<group>"; };
		CF12B3F326D336240027C98E /* Api.swift */ = {isa = PBXFileReference; lastKnownFileType = sourcecode.swift; path = Api.swift; sourceTree = "<group>"; };
		CF81A19926D45EC30015B9A0 /* ApiExtension.swift */ = {isa = PBXFileReference; lastKnownFileType = sourcecode.swift; path = ApiExtension.swift; sourceTree = "<group>"; };
		CF81A19B26D45F680015B9A0 /* TvShow.swift */ = {isa = PBXFileReference; lastKnownFileType = sourcecode.swift; path = TvShow.swift; sourceTree = "<group>"; };
		CF81A19D26D4626A0015B9A0 /* TvResponse.swift */ = {isa = PBXFileReference; lastKnownFileType = sourcecode.swift; path = TvResponse.swift; sourceTree = "<group>"; };
		CF81A1A126D464940015B9A0 /* HeaderView.swift */ = {isa = PBXFileReference; lastKnownFileType = sourcecode.swift; path = HeaderView.swift; sourceTree = "<group>"; };
		CF81A1A326D47F4C0015B9A0 /* TvShowView.swift */ = {isa = PBXFileReference; lastKnownFileType = sourcecode.swift; path = TvShowView.swift; sourceTree = "<group>"; };
		CFEEBA6726D5B7F5006A858C /* TvShowViewModel.swift */ = {isa = PBXFileReference; lastKnownFileType = sourcecode.swift; path = TvShowViewModel.swift; sourceTree = "<group>"; };
/* End PBXFileReference section */

/* Begin PBXFrameworksBuildPhase section */
		CF12B3AD26D32E4F0027C98E /* Frameworks */ = {
			isa = PBXFrameworksBuildPhase;
			buildActionMask = 2147483647;
			files = (
				CF28E9AC26D5E7E20002D3CE /* Kingfisher in Frameworks */,
			);
			runOnlyForDeploymentPostprocessing = 0;
		};
		CF12B3BE26D32E570027C98E /* Frameworks */ = {
			isa = PBXFrameworksBuildPhase;
			buildActionMask = 2147483647;
			files = (
			);
			runOnlyForDeploymentPostprocessing = 0;
		};
		CF12B3C926D32E570027C98E /* Frameworks */ = {
			isa = PBXFrameworksBuildPhase;
			buildActionMask = 2147483647;
			files = (
			);
			runOnlyForDeploymentPostprocessing = 0;
		};
/* End PBXFrameworksBuildPhase section */

/* Begin PBXGroup section */
		CF12B3A726D32E4F0027C98E = {
			isa = PBXGroup;
			children = (
				CF12B3B226D32E4F0027C98E /* InfiniteScrollExample */,
				CF12B3C426D32E570027C98E /* InfiniteScrollExampleTests */,
				CF12B3CF26D32E570027C98E /* InfiniteScrollExampleUITests */,
				CF12B3B126D32E4F0027C98E /* Products */,
			);
			sourceTree = "<group>";
		};
		CF12B3B126D32E4F0027C98E /* Products */ = {
			isa = PBXGroup;
			children = (
				CF12B3B026D32E4F0027C98E /* InfiniteScrollExample.app */,
				CF12B3C126D32E570027C98E /* InfiniteScrollExampleTests.xctest */,
				CF12B3CC26D32E570027C98E /* InfiniteScrollExampleUITests.xctest */,
			);
			name = Products;
			sourceTree = "<group>";
		};
		CF12B3B226D32E4F0027C98E /* InfiniteScrollExample */ = {
			isa = PBXGroup;
			children = (
				CF12B3EA26D330FB0027C98E /* Views */,
				CF12B3E926D330ED0027C98E /* ViewModel */,
				CF12B3E826D330E10027C98E /* Models */,
				CF12B3E726D330D40027C98E /* Networking */,
				CF12B3B326D32E4F0027C98E /* InfiniteScrollExampleApp.swift */,
				CF12B3B526D32E4F0027C98E /* ContentView.swift */,
				CF12B3B726D32E560027C98E /* Assets.xcassets */,
				CF12B3BC26D32E560027C98E /* Info.plist */,
				CF12B3B926D32E560027C98E /* Preview Content */,
			);
			path = InfiniteScrollExample;
			sourceTree = "<group>";
		};
		CF12B3B926D32E560027C98E /* Preview Content */ = {
			isa = PBXGroup;
			children = (
				CF12B3BA26D32E560027C98E /* Preview Assets.xcassets */,
			);
			path = "Preview Content";
			sourceTree = "<group>";
		};
		CF12B3C426D32E570027C98E /* InfiniteScrollExampleTests */ = {
			isa = PBXGroup;
			children = (
				CF12B3C526D32E570027C98E /* InfiniteScrollExampleTests.swift */,
				CF12B3C726D32E570027C98E /* Info.plist */,
			);
			path = InfiniteScrollExampleTests;
			sourceTree = "<group>";
		};
		CF12B3CF26D32E570027C98E /* InfiniteScrollExampleUITests */ = {
			isa = PBXGroup;
			children = (
				CF12B3D026D32E570027C98E /* InfiniteScrollExampleUITests.swift */,
				CF12B3D226D32E570027C98E /* Info.plist */,
			);
			path = InfiniteScrollExampleUITests;
			sourceTree = "<group>";
		};
		CF12B3E726D330D40027C98E /* Networking */ = {
			isa = PBXGroup;
			children = (
				CF12B3EB26D331790027C98E /* NetworkManager.swift */,
				CF12B3F326D336240027C98E /* Api.swift */,
				CF81A19926D45EC30015B9A0 /* ApiExtension.swift */,
			);
			path = Networking;
			sourceTree = "<group>";
		};
		CF12B3E826D330E10027C98E /* Models */ = {
			isa = PBXGroup;
			children = (
				CF81A19B26D45F680015B9A0 /* TvShow.swift */,
				CF81A19D26D4626A0015B9A0 /* TvResponse.swift */,
			);
			path = Models;
			sourceTree = "<group>";
		};
		CF12B3E926D330ED0027C98E /* ViewModel */ = {
			isa = PBXGroup;
			children = (
				CFEEBA6726D5B7F5006A858C /* TvShowViewModel.swift */,
			);
			path = ViewModel;
			sourceTree = "<group>";
		};
		CF12B3EA26D330FB0027C98E /* Views */ = {
			isa = PBXGroup;
			children = (
				CF81A1A126D464940015B9A0 /* HeaderView.swift */,
				CF81A1A326D47F4C0015B9A0 /* TvShowView.swift */,
			);
			path = Views;
			sourceTree = "<group>";
		};
/* End PBXGroup section */

/* Begin PBXNativeTarget section */
		CF12B3AF26D32E4F0027C98E /* InfiniteScrollExample */ = {
			isa = PBXNativeTarget;
			buildConfigurationList = CF12B3D526D32E570027C98E /* Build configuration list for PBXNativeTarget "InfiniteScrollExample" */;
			buildPhases = (
				CF12B3AC26D32E4F0027C98E /* Sources */,
				CF12B3AD26D32E4F0027C98E /* Frameworks */,
				CF12B3AE26D32E4F0027C98E /* Resources */,
			);
			buildRules = (
			);
			dependencies = (
			);
			name = InfiniteScrollExample;
			packageProductDependencies = (
				CF28E9AB26D5E7E20002D3CE /* Kingfisher */,
			);
			productName = InfiniteScrollExample;
			productReference = CF12B3B026D32E4F0027C98E /* InfiniteScrollExample.app */;
			productType = "com.apple.product-type.application";
		};
		CF12B3C026D32E570027C98E /* InfiniteScrollExampleTests */ = {
			isa = PBXNativeTarget;
			buildConfigurationList = CF12B3D826D32E570027C98E /* Build configuration list for PBXNativeTarget "InfiniteScrollExampleTests" */;
			buildPhases = (
				CF12B3BD26D32E570027C98E /* Sources */,
				CF12B3BE26D32E570027C98E /* Frameworks */,
				CF12B3BF26D32E570027C98E /* Resources */,
			);
			buildRules = (
			);
			dependencies = (
				CF12B3C326D32E570027C98E /* PBXTargetDependency */,
			);
			name = InfiniteScrollExampleTests;
			productName = InfiniteScrollExampleTests;
			productReference = CF12B3C126D32E570027C98E /* InfiniteScrollExampleTests.xctest */;
			productType = "com.apple.product-type.bundle.unit-test";
		};
		CF12B3CB26D32E570027C98E /* InfiniteScrollExampleUITests */ = {
			isa = PBXNativeTarget;
			buildConfigurationList = CF12B3DB26D32E570027C98E /* Build configuration list for PBXNativeTarget "InfiniteScrollExampleUITests" */;
			buildPhases = (
				CF12B3C826D32E570027C98E /* Sources */,
				CF12B3C926D32E570027C98E /* Frameworks */,
				CF12B3CA26D32E570027C98E /* Resources */,
			);
			buildRules = (
			);
			dependencies = (
				CF12B3CE26D32E570027C98E /* PBXTargetDependency */,
			);
			name = InfiniteScrollExampleUITests;
			productName = InfiniteScrollExampleUITests;
			productReference = CF12B3CC26D32E570027C98E /* InfiniteScrollExampleUITests.xctest */;
			productType = "com.apple.product-type.bundle.ui-testing";
		};
/* End PBXNativeTarget section */

/* Begin PBXProject section */
		CF12B3A826D32E4F0027C98E /* Project object */ = {
			isa = PBXProject;
			attributes = {
				LastSwiftUpdateCheck = 1200;
				LastUpgradeCheck = 1200;
				TargetAttributes = {
					CF12B3AF26D32E4F0027C98E = {
						CreatedOnToolsVersion = 12.0;
					};
					CF12B3C026D32E570027C98E = {
						CreatedOnToolsVersion = 12.0;
						TestTargetID = CF12B3AF26D32E4F0027C98E;
					};
					CF12B3CB26D32E570027C98E = {
						CreatedOnToolsVersion = 12.0;
						TestTargetID = CF12B3AF26D32E4F0027C98E;
					};
				};
			};
			buildConfigurationList = CF12B3AB26D32E4F0027C98E /* Build configuration list for PBXProject "InfiniteScrollExample" */;
			compatibilityVersion = "Xcode 9.3";
			developmentRegion = en;
			hasScannedForEncodings = 0;
			knownRegions = (
				en,
				Base,
			);
			mainGroup = CF12B3A726D32E4F0027C98E;
			packageReferences = (
				CF28E9AA26D5E7E20002D3CE /* XCRemoteSwiftPackageReference "Kingfisher" */,
			);
			productRefGroup = CF12B3B126D32E4F0027C98E /* Products */;
			projectDirPath = "";
			projectRoot = "";
			targets = (
				CF12B3AF26D32E4F0027C98E /* InfiniteScrollExample */,
				CF12B3C026D32E570027C98E /* InfiniteScrollExampleTests */,
				CF12B3CB26D32E570027C98E /* InfiniteScrollExampleUITests */,
			);
		};
/* End PBXProject section */

/* Begin PBXResourcesBuildPhase section */
		CF12B3AE26D32E4F0027C98E /* Resources */ = {
			isa = PBXResourcesBuildPhase;
			buildActionMask = 2147483647;
			files = (
				CF12B3BB26D32E560027C98E /* Preview Assets.xcassets in Resources */,
				CF12B3B826D32E560027C98E /* Assets.xcassets in Resources */,
			);
			runOnlyForDeploymentPostprocessing = 0;
		};
		CF12B3BF26D32E570027C98E /* Resources */ = {
			isa = PBXResourcesBuildPhase;
			buildActionMask = 2147483647;
			files = (
			);
			runOnlyForDeploymentPostprocessing = 0;
		};
		CF12B3CA26D32E570027C98E /* Resources */ = {
			isa = PBXResourcesBuildPhase;
			buildActionMask = 2147483647;
			files = (
			);
			runOnlyForDeploymentPostprocessing = 0;
		};
/* End PBXResourcesBuildPhase section */

/* Begin PBXSourcesBuildPhase section */
		CF12B3AC26D32E4F0027C98E /* Sources */ = {
			isa = PBXSourcesBuildPhase;
			buildActionMask = 2147483647;
			files = (
				CF81A19C26D45F680015B9A0 /* TvShow.swift in Sources */,
				CF81A19E26D4626A0015B9A0 /* TvResponse.swift in Sources */,
				CF12B3EC26D331790027C98E /* NetworkManager.swift in Sources */,
				CFEEBA6826D5B7F5006A858C /* TvShowViewModel.swift in Sources */,
				CF12B3B626D32E4F0027C98E /* ContentView.swift in Sources */,
				CF81A19A26D45EC30015B9A0 /* ApiExtension.swift in Sources */,
				CF12B3F426D336240027C98E /* Api.swift in Sources */,
				CF12B3B426D32E4F0027C98E /* InfiniteScrollExampleApp.swift in Sources */,
				CF81A1A226D464940015B9A0 /* HeaderView.swift in Sources */,
				CF81A1A426D47F4C0015B9A0 /* TvShowView.swift in Sources */,
			);
			runOnlyForDeploymentPostprocessing = 0;
		};
		CF12B3BD26D32E570027C98E /* Sources */ = {
			isa = PBXSourcesBuildPhase;
			buildActionMask = 2147483647;
			files = (
				CF12B3C626D32E570027C98E /* InfiniteScrollExampleTests.swift in Sources */,
			);
			runOnlyForDeploymentPostprocessing = 0;
		};
		CF12B3C826D32E570027C98E /* Sources */ = {
			isa = PBXSourcesBuildPhase;
			buildActionMask = 2147483647;
			files = (
				CF12B3D126D32E570027C98E /* InfiniteScrollExampleUITests.swift in Sources */,
			);
			runOnlyForDeploymentPostprocessing = 0;
		};
/* End PBXSourcesBuildPhase section */

/* Begin PBXTargetDependency section */
		CF12B3C326D32E570027C98E /* PBXTargetDependency */ = {
			isa = PBXTargetDependency;
			target = CF12B3AF26D32E4F0027C98E /* InfiniteScrollExample */;
			targetProxy = CF12B3C226D32E570027C98E /* PBXContainerItemProxy */;
		};
		CF12B3CE26D32E570027C98E /* PBXTargetDependency */ = {
			isa = PBXTargetDependency;
			target = CF12B3AF26D32E4F0027C98E /* InfiniteScrollExample */;
			targetProxy = CF12B3CD26D32E570027C98E /* PBXContainerItemProxy */;
		};
/* End PBXTargetDependency section */

/* Begin XCBuildConfiguration section */
		CF12B3D326D32E570027C98E /* Debug */ = {
			isa = XCBuildConfiguration;
			buildSettings = {
				ALWAYS_SEARCH_USER_PATHS = NO;
				CLANG_ANALYZER_NONNULL = YES;
				CLANG_ANALYZER_NUMBER_OBJECT_CONVERSION = YES_AGGRESSIVE;
				CLANG_CXX_LANGUAGE_STANDARD = "gnu++14";
				CLANG_CXX_LIBRARY = "libc++";
				CLANG_ENABLE_MODULES = YES;
				CLANG_ENABLE_OBJC_ARC = YES;
				CLANG_ENABLE_OBJC_WEAK = YES;
				CLANG_WARN_BLOCK_CAPTURE_AUTORELEASING = YES;
				CLANG_WARN_BOOL_CONVERSION = YES;
				CLANG_WARN_COMMA = YES;
				CLANG_WARN_CONSTANT_CONVERSION = YES;
				CLANG_WARN_DEPRECATED_OBJC_IMPLEMENTATIONS = YES;
				CLANG_WARN_DIRECT_OBJC_ISA_USAGE = YES_ERROR;
				CLANG_WARN_DOCUMENTATION_COMMENTS = YES;
				CLANG_WARN_EMPTY_BODY = YES;
				CLANG_WARN_ENUM_CONVERSION = YES;
				CLANG_WARN_INFINITE_RECURSION = YES;
				CLANG_WARN_INT_CONVERSION = YES;
				CLANG_WARN_NON_LITERAL_NULL_CONVERSION = YES;
				CLANG_WARN_OBJC_IMPLICIT_RETAIN_SELF = YES;
				CLANG_WARN_OBJC_LITERAL_CONVERSION = YES;
				CLANG_WARN_OBJC_ROOT_CLASS = YES_ERROR;
				CLANG_WARN_QUOTED_INCLUDE_IN_FRAMEWORK_HEADER = YES;
				CLANG_WARN_RANGE_LOOP_ANALYSIS = YES;
				CLANG_WARN_STRICT_PROTOTYPES = YES;
				CLANG_WARN_SUSPICIOUS_MOVE = YES;
				CLANG_WARN_UNGUARDED_AVAILABILITY = YES_AGGRESSIVE;
				CLANG_WARN_UNREACHABLE_CODE = YES;
				CLANG_WARN__DUPLICATE_METHOD_MATCH = YES;
				COPY_PHASE_STRIP = NO;
				DEBUG_INFORMATION_FORMAT = dwarf;
				ENABLE_STRICT_OBJC_MSGSEND = YES;
				ENABLE_TESTABILITY = YES;
				GCC_C_LANGUAGE_STANDARD = gnu11;
				GCC_DYNAMIC_NO_PIC = NO;
				GCC_NO_COMMON_BLOCKS = YES;
				GCC_OPTIMIZATION_LEVEL = 0;
				GCC_PREPROCESSOR_DEFINITIONS = (
					"DEBUG=1",
					"$(inherited)",
				);
				GCC_WARN_64_TO_32_BIT_CONVERSION = YES;
				GCC_WARN_ABOUT_RETURN_TYPE = YES_ERROR;
				GCC_WARN_UNDECLARED_SELECTOR = YES;
				GCC_WARN_UNINITIALIZED_AUTOS = YES_AGGRESSIVE;
				GCC_WARN_UNUSED_FUNCTION = YES;
				GCC_WARN_UNUSED_VARIABLE = YES;
				IPHONEOS_DEPLOYMENT_TARGET = 14.0;
				MTL_ENABLE_DEBUG_INFO = INCLUDE_SOURCE;
				MTL_FAST_MATH = YES;
				ONLY_ACTIVE_ARCH = YES;
				SDKROOT = iphoneos;
				SWIFT_ACTIVE_COMPILATION_CONDITIONS = DEBUG;
				SWIFT_OPTIMIZATION_LEVEL = "-Onone";
			};
			name = Debug;
		};
		CF12B3D426D32E570027C98E /* Release */ = {
			isa = XCBuildConfiguration;
			buildSettings = {
				ALWAYS_SEARCH_USER_PATHS = NO;
				CLANG_ANALYZER_NONNULL = YES;
				CLANG_ANALYZER_NUMBER_OBJECT_CONVERSION = YES_AGGRESSIVE;
				CLANG_CXX_LANGUAGE_STANDARD = "gnu++14";
				CLANG_CXX_LIBRARY = "libc++";
				CLANG_ENABLE_MODULES = YES;
				CLANG_ENABLE_OBJC_ARC = YES;
				CLANG_ENABLE_OBJC_WEAK = YES;
				CLANG_WARN_BLOCK_CAPTURE_AUTORELEASING = YES;
				CLANG_WARN_BOOL_CONVERSION = YES;
				CLANG_WARN_COMMA = YES;
				CLANG_WARN_CONSTANT_CONVERSION = YES;
				CLANG_WARN_DEPRECATED_OBJC_IMPLEMENTATIONS = YES;
				CLANG_WARN_DIRECT_OBJC_ISA_USAGE = YES_ERROR;
				CLANG_WARN_DOCUMENTATION_COMMENTS = YES;
				CLANG_WARN_EMPTY_BODY = YES;
				CLANG_WARN_ENUM_CONVERSION = YES;
				CLANG_WARN_INFINITE_RECURSION = YES;
				CLANG_WARN_INT_CONVERSION = YES;
				CLANG_WARN_NON_LITERAL_NULL_CONVERSION = YES;
				CLANG_WARN_OBJC_IMPLICIT_RETAIN_SELF = YES;
				CLANG_WARN_OBJC_LITERAL_CONVERSION = YES;
				CLANG_WARN_OBJC_ROOT_CLASS = YES_ERROR;
				CLANG_WARN_QUOTED_INCLUDE_IN_FRAMEWORK_HEADER = YES;
				CLANG_WARN_RANGE_LOOP_ANALYSIS = YES;
				CLANG_WARN_STRICT_PROTOTYPES = YES;
				CLANG_WARN_SUSPICIOUS_MOVE = YES;
				CLANG_WARN_UNGUARDED_AVAILABILITY = YES_AGGRESSIVE;
				CLANG_WARN_UNREACHABLE_CODE = YES;
				CLANG_WARN__DUPLICATE_METHOD_MATCH = YES;
				COPY_PHASE_STRIP = NO;
				DEBUG_INFORMATION_FORMAT = "dwarf-with-dsym";
				ENABLE_NS_ASSERTIONS = NO;
				ENABLE_STRICT_OBJC_MSGSEND = YES;
				GCC_C_LANGUAGE_STANDARD = gnu11;
				GCC_NO_COMMON_BLOCKS = YES;
				GCC_WARN_64_TO_32_BIT_CONVERSION = YES;
				GCC_WARN_ABOUT_RETURN_TYPE = YES_ERROR;
				GCC_WARN_UNDECLARED_SELECTOR = YES;
				GCC_WARN_UNINITIALIZED_AUTOS = YES_AGGRESSIVE;
				GCC_WARN_UNUSED_FUNCTION = YES;
				GCC_WARN_UNUSED_VARIABLE = YES;
				IPHONEOS_DEPLOYMENT_TARGET = 14.0;
				MTL_ENABLE_DEBUG_INFO = NO;
				MTL_FAST_MATH = YES;
				SDKROOT = iphoneos;
				SWIFT_COMPILATION_MODE = wholemodule;
				SWIFT_OPTIMIZATION_LEVEL = "-O";
				VALIDATE_PRODUCT = YES;
			};
			name = Release;
		};
		CF12B3D626D32E570027C98E /* Debug */ = {
			isa = XCBuildConfiguration;
			buildSettings = {
				ASSETCATALOG_COMPILER_APPICON_NAME = AppIcon;
				ASSETCATALOG_COMPILER_GLOBAL_ACCENT_COLOR_NAME = AccentColor;
				CODE_SIGN_STYLE = Automatic;
				DEVELOPMENT_ASSET_PATHS = "\"InfiniteScrollExample/Preview Content\"";
				ENABLE_PREVIEWS = YES;
				INFOPLIST_FILE = InfiniteScrollExample/Info.plist;
				IPHONEOS_DEPLOYMENT_TARGET = 14.0;
				LD_RUNPATH_SEARCH_PATHS = (
					"$(inherited)",
					"@executable_path/Frameworks",
				);
				PRODUCT_BUNDLE_IDENTIFIER = com.wbhdev.InfiniteScrollExample;
				PRODUCT_NAME = "$(TARGET_NAME)";
				SWIFT_VERSION = 5.0;
				TARGETED_DEVICE_FAMILY = "1,2";
			};
			name = Debug;
		};
		CF12B3D726D32E570027C98E /* Release */ = {
			isa = XCBuildConfiguration;
			buildSettings = {
				ASSETCATALOG_COMPILER_APPICON_NAME = AppIcon;
				ASSETCATALOG_COMPILER_GLOBAL_ACCENT_COLOR_NAME = AccentColor;
				CODE_SIGN_STYLE = Automatic;
				DEVELOPMENT_ASSET_PATHS = "\"InfiniteScrollExample/Preview Content\"";
				ENABLE_PREVIEWS = YES;
				INFOPLIST_FILE = InfiniteScrollExample/Info.plist;
				IPHONEOS_DEPLOYMENT_TARGET = 14.0;
				LD_RUNPATH_SEARCH_PATHS = (
					"$(inherited)",
					"@executable_path/Frameworks",
				);
				PRODUCT_BUNDLE_IDENTIFIER = com.wbhdev.InfiniteScrollExample;
				PRODUCT_NAME = "$(TARGET_NAME)";
				SWIFT_VERSION = 5.0;
				TARGETED_DEVICE_FAMILY = "1,2";
			};
			name = Release;
		};
		CF12B3D926D32E570027C98E /* Debug */ = {
			isa = XCBuildConfiguration;
			buildSettings = {
				ALWAYS_EMBED_SWIFT_STANDARD_LIBRARIES = YES;
				BUNDLE_LOADER = "$(TEST_HOST)";
				CODE_SIGN_STYLE = Automatic;
				INFOPLIST_FILE = InfiniteScrollExampleTests/Info.plist;
				IPHONEOS_DEPLOYMENT_TARGET = 14.0;
				LD_RUNPATH_SEARCH_PATHS = (
					"$(inherited)",
					"@executable_path/Frameworks",
					"@loader_path/Frameworks",
				);
				PRODUCT_BUNDLE_IDENTIFIER = com.wbhdev.InfiniteScrollExampleTests;
				PRODUCT_NAME = "$(TARGET_NAME)";
				SWIFT_VERSION = 5.0;
				TARGETED_DEVICE_FAMILY = "1,2";
				TEST_HOST = "$(BUILT_PRODUCTS_DIR)/InfiniteScrollExample.app/InfiniteScrollExample";
			};
			name = Debug;
		};
		CF12B3DA26D32E570027C98E /* Release */ = {
			isa = XCBuildConfiguration;
			buildSettings = {
				ALWAYS_EMBED_SWIFT_STANDARD_LIBRARIES = YES;
				BUNDLE_LOADER = "$(TEST_HOST)";
				CODE_SIGN_STYLE = Automatic;
				INFOPLIST_FILE = InfiniteScrollExampleTests/Info.plist;
				IPHONEOS_DEPLOYMENT_TARGET = 14.0;
				LD_RUNPATH_SEARCH_PATHS = (
					"$(inherited)",
					"@executable_path/Frameworks",
					"@loader_path/Frameworks",
				);
				PRODUCT_BUNDLE_IDENTIFIER = com.wbhdev.InfiniteScrollExampleTests;
				PRODUCT_NAME = "$(TARGET_NAME)";
				SWIFT_VERSION = 5.0;
				TARGETED_DEVICE_FAMILY = "1,2";
				TEST_HOST = "$(BUILT_PRODUCTS_DIR)/InfiniteScrollExample.app/InfiniteScrollExample";
			};
			name = Release;
		};
		CF12B3DC26D32E570027C98E /* Debug */ = {
			isa = XCBuildConfiguration;
			buildSettings = {
				ALWAYS_EMBED_SWIFT_STANDARD_LIBRARIES = YES;
				CODE_SIGN_STYLE = Automatic;
				INFOPLIST_FILE = InfiniteScrollExampleUITests/Info.plist;
				LD_RUNPATH_SEARCH_PATHS = (
					"$(inherited)",
					"@executable_path/Frameworks",
					"@loader_path/Frameworks",
				);
				PRODUCT_BUNDLE_IDENTIFIER = com.wbhdev.InfiniteScrollExampleUITests;
				PRODUCT_NAME = "$(TARGET_NAME)";
				SWIFT_VERSION = 5.0;
				TARGETED_DEVICE_FAMILY = "1,2";
				TEST_TARGET_NAME = InfiniteScrollExample;
			};
			name = Debug;
		};
		CF12B3DD26D32E570027C98E /* Release */ = {
			isa = XCBuildConfiguration;
			buildSettings = {
				ALWAYS_EMBED_SWIFT_STANDARD_LIBRARIES = YES;
				CODE_SIGN_STYLE = Automatic;
				INFOPLIST_FILE = InfiniteScrollExampleUITests/Info.plist;
				LD_RUNPATH_SEARCH_PATHS = (
					"$(inherited)",
					"@executable_path/Frameworks",
					"@loader_path/Frameworks",
				);
				PRODUCT_BUNDLE_IDENTIFIER = com.wbhdev.InfiniteScrollExampleUITests;
				PRODUCT_NAME = "$(TARGET_NAME)";
				SWIFT_VERSION = 5.0;
				TARGETED_DEVICE_FAMILY = "1,2";
				TEST_TARGET_NAME = InfiniteScrollExample;
			};
			name = Release;
		};
/* End XCBuildConfiguration section */

/* Begin XCConfigurationList section */
		CF12B3AB26D32E4F0027C98E /* Build configuration list for PBXProject "InfiniteScrollExample" */ = {
			isa = XCConfigurationList;
			buildConfigurations = (
				CF12B3D326D32E570027C98E /* Debug */,
				CF12B3D426D32E570027C98E /* Release */,
			);
			defaultConfigurationIsVisible = 0;
			defaultConfigurationName = Release;
		};
		CF12B3D526D32E570027C98E /* Build configuration list for PBXNativeTarget "InfiniteScrollExample" */ = {
			isa = XCConfigurationList;
			buildConfigurations = (
				CF12B3D626D32E570027C98E /* Debug */,
				CF12B3D726D32E570027C98E /* Release */,
			);
			defaultConfigurationIsVisible = 0;
			defaultConfigurationName = Release;
		};
		CF12B3D826D32E570027C98E /* Build configuration list for PBXNativeTarget "InfiniteScrollExampleTests" */ = {
			isa = XCConfigurationList;
			buildConfigurations = (
				CF12B3D926D32E570027C98E /* Debug */,
				CF12B3DA26D32E570027C98E /* Release */,
			);
			defaultConfigurationIsVisible = 0;
			defaultConfigurationName = Release;
		};
		CF12B3DB26D32E570027C98E /* Build configuration list for PBXNativeTarget "InfiniteScrollExampleUITests" */ = {
			isa = XCConfigurationList;
			buildConfigurations = (
				CF12B3DC26D32E570027C98E /* Debug */,
				CF12B3DD26D32E570027C98E /* Release */,
			);
			defaultConfigurationIsVisible = 0;
			defaultConfigurationName = Release;
		};
/* End XCConfigurationList section */

/* Begin XCRemoteSwiftPackageReference section */
		CF28E9AA26D5E7E20002D3CE /* XCRemoteSwiftPackageReference "Kingfisher" */ = {
			isa = XCRemoteSwiftPackageReference;
			repositoryURL = "https://github.com/onevcat/Kingfisher.git";
			requirement = {
				kind = upToNextMajorVersion;
				minimumVersion = 6.3.1;
			};
		};
/* End XCRemoteSwiftPackageReference section */

/* Begin XCSwiftPackageProductDependency section */
		CF28E9AB26D5E7E20002D3CE /* Kingfisher */ = {
			isa = XCSwiftPackageProductDependency;
			package = CF28E9AA26D5E7E20002D3CE /* XCRemoteSwiftPackageReference "Kingfisher" */;
			productName = Kingfisher;
		};
/* End XCSwiftPackageProductDependency section */
	};
	rootObject = CF12B3A826D32E4F0027C98E /* Project object */;
}
